// !$*UTF8*$!
{
	archiveVersion = 1;
	classes = {
	};
	objectVersion = 50;
	objects = {

/* Begin PBXBuildFile section */
		9A6B78F2EBF980677FC1DB94 /* Pods_Crypto_Tracker.framework in Frameworks */ = {isa = PBXBuildFile; fileRef = C57117F86009DAF29DF0ABC3 /* Pods_Crypto_Tracker.framework */; };
		BF133A1920FE8DD600AC28C6 /* AppDelegate.swift in Sources */ = {isa = PBXBuildFile; fileRef = BF133A1820FE8DD600AC28C6 /* AppDelegate.swift */; };
		BF133A2020FE8DD700AC28C6 /* Assets.xcassets in Resources */ = {isa = PBXBuildFile; fileRef = BF133A1F20FE8DD700AC28C6 /* Assets.xcassets */; };
		BF133A2320FE8DD700AC28C6 /* LaunchScreen.storyboard in Resources */ = {isa = PBXBuildFile; fileRef = BF133A2120FE8DD700AC28C6 /* LaunchScreen.storyboard */; };
		BF133A2B20FE8EA300AC28C6 /* CryptoTableViewController.swift in Sources */ = {isa = PBXBuildFile; fileRef = BF133A2A20FE8EA300AC28C6 /* CryptoTableViewController.swift */; };
		BF133A2D20FE906700AC28C6 /* CoinData.swift in Sources */ = {isa = PBXBuildFile; fileRef = BF133A2C20FE906700AC28C6 /* CoinData.swift */; };
		BF2CF33D21067CAE005FE648 /* AuthViewController.swift in Sources */ = {isa = PBXBuildFile; fileRef = BF2CF33C21067CAE005FE648 /* AuthViewController.swift */; };
		BFE2DEDE2102362F00F145EA /* CoinViewController.swift in Sources */ = {isa = PBXBuildFile; fileRef = BFE2DEDD2102362F00F145EA /* CoinViewController.swift */; };
/* End PBXBuildFile section */

/* Begin PBXFileReference section */
		66E67E48A8B1AA6E9B6266CA /* Pods-Crypto Tracker.release.xcconfig */ = {isa = PBXFileReference; includeInIndex = 1; lastKnownFileType = text.xcconfig; name = "Pods-Crypto Tracker.release.xcconfig"; path = "Pods/Target Support Files/Pods-Crypto Tracker/Pods-Crypto Tracker.release.xcconfig"; sourceTree = "<group>"; };
		A5C4B434F097F85B2044680B /* Pods-Crypto Tracker.debug.xcconfig */ = {isa = PBXFileReference; includeInIndex = 1; lastKnownFileType = text.xcconfig; name = "Pods-Crypto Tracker.debug.xcconfig"; path = "Pods/Target Support Files/Pods-Crypto Tracker/Pods-Crypto Tracker.debug.xcconfig"; sourceTree = "<group>"; };
		BF133A1520FE8DD600AC28C6 /* Crypto Tracker.app */ = {isa = PBXFileReference; explicitFileType = wrapper.application; includeInIndex = 0; path = "Crypto Tracker.app"; sourceTree = BUILT_PRODUCTS_DIR; };
		BF133A1820FE8DD600AC28C6 /* AppDelegate.swift */ = {isa = PBXFileReference; lastKnownFileType = sourcecode.swift; path = AppDelegate.swift; sourceTree = "<group>"; };
		BF133A1F20FE8DD700AC28C6 /* Assets.xcassets */ = {isa = PBXFileReference; lastKnownFileType = folder.assetcatalog; path = Assets.xcassets; sourceTree = "<group>"; };
		BF133A2220FE8DD700AC28C6 /* Base */ = {isa = PBXFileReference; lastKnownFileType = file.storyboard; name = Base; path = Base.lproj/LaunchScreen.storyboard; sourceTree = "<group>"; };
		BF133A2420FE8DD700AC28C6 /* Info.plist */ = {isa = PBXFileReference; lastKnownFileType = text.plist.xml; path = Info.plist; sourceTree = "<group>"; };
		BF133A2A20FE8EA300AC28C6 /* CryptoTableViewController.swift */ = {isa = PBXFileReference; lastKnownFileType = sourcecode.swift; path = CryptoTableViewController.swift; sourceTree = "<group>"; };
		BF133A2C20FE906700AC28C6 /* CoinData.swift */ = {isa = PBXFileReference; lastKnownFileType = sourcecode.swift; path = CoinData.swift; sourceTree = "<group>"; };
		BF2CF33C21067CAE005FE648 /* AuthViewController.swift */ = {isa = PBXFileReference; lastKnownFileType = sourcecode.swift; path = AuthViewController.swift; sourceTree = "<group>"; };
		BFE2DEDD2102362F00F145EA /* CoinViewController.swift */ = {isa = PBXFileReference; lastKnownFileType = sourcecode.swift; path = CoinViewController.swift; sourceTree = "<group>"; };
		C57117F86009DAF29DF0ABC3 /* Pods_Crypto_Tracker.framework */ = {isa = PBXFileReference; explicitFileType = wrapper.framework; includeInIndex = 0; path = Pods_Crypto_Tracker.framework; sourceTree = BUILT_PRODUCTS_DIR; };
/* End PBXFileReference section */

/* Begin PBXFrameworksBuildPhase section */
		BF133A1220FE8DD600AC28C6 /* Frameworks */ = {
			isa = PBXFrameworksBuildPhase;
			buildActionMask = 2147483647;
			files = (
				9A6B78F2EBF980677FC1DB94 /* Pods_Crypto_Tracker.framework in Frameworks */,
			);
			runOnlyForDeploymentPostprocessing = 0;
		};
/* End PBXFrameworksBuildPhase section */

/* Begin PBXGroup section */
		7B6FA1FBE86E839A4F0E20BE /* Frameworks */ = {
			isa = PBXGroup;
			children = (
				C57117F86009DAF29DF0ABC3 /* Pods_Crypto_Tracker.framework */,
			);
			name = Frameworks;
			sourceTree = "<group>";
		};
		BF133A0C20FE8DD600AC28C6 = {
			isa = PBXGroup;
			children = (
				BF133A1720FE8DD600AC28C6 /* Crypto Tracker */,
				BF133A1620FE8DD600AC28C6 /* Products */,
				F77E49E4966EABABDF80E3C2 /* Pods */,
				7B6FA1FBE86E839A4F0E20BE /* Frameworks */,
			);
			sourceTree = "<group>";
		};
		BF133A1620FE8DD600AC28C6 /* Products */ = {
			isa = PBXGroup;
			children = (
				BF133A1520FE8DD600AC28C6 /* Crypto Tracker.app */,
			);
			name = Products;
			sourceTree = "<group>";
		};
		BF133A1720FE8DD600AC28C6 /* Crypto Tracker */ = {
			isa = PBXGroup;
			children = (
				BF133A1820FE8DD600AC28C6 /* AppDelegate.swift */,
				BF2CF33C21067CAE005FE648 /* AuthViewController.swift */,
				BF133A2A20FE8EA300AC28C6 /* CryptoTableViewController.swift */,
				BFE2DEDD2102362F00F145EA /* CoinViewController.swift */,
				BF133A2C20FE906700AC28C6 /* CoinData.swift */,
				BF133A1F20FE8DD700AC28C6 /* Assets.xcassets */,
				BF133A2120FE8DD700AC28C6 /* LaunchScreen.storyboard */,
				BF133A2420FE8DD700AC28C6 /* Info.plist */,
			);
			path = "Crypto Tracker";
			sourceTree = "<group>";
		};
		F77E49E4966EABABDF80E3C2 /* Pods */ = {
			isa = PBXGroup;
			children = (
				A5C4B434F097F85B2044680B /* Pods-Crypto Tracker.debug.xcconfig */,
				66E67E48A8B1AA6E9B6266CA /* Pods-Crypto Tracker.release.xcconfig */,
			);
			name = Pods;
			sourceTree = "<group>";
		};
/* End PBXGroup section */

/* Begin PBXNativeTarget section */
		BF133A1420FE8DD600AC28C6 /* Crypto Tracker */ = {
			isa = PBXNativeTarget;
			buildConfigurationList = BF133A2720FE8DD700AC28C6 /* Build configuration list for PBXNativeTarget "Crypto Tracker" */;
			buildPhases = (
				EEBBAA436525D6CC35ABAE64 /* [CP] Check Pods Manifest.lock */,
				BF133A1120FE8DD600AC28C6 /* Sources */,
				BF133A1220FE8DD600AC28C6 /* Frameworks */,
				BF133A1320FE8DD600AC28C6 /* Resources */,
				86E172D868382E471D781A87 /* [CP] Embed Pods Frameworks */,
			);
			buildRules = (
			);
			dependencies = (
			);
			name = "Crypto Tracker";
			productName = "Crypto Tracker";
			productReference = BF133A1520FE8DD600AC28C6 /* Crypto Tracker.app */;
			productType = "com.apple.product-type.application";
		};
/* End PBXNativeTarget section */

/* Begin PBXProject section */
		BF133A0D20FE8DD600AC28C6 /* Project object */ = {
			isa = PBXProject;
			attributes = {
				LastSwiftUpdateCheck = 0940;
				LastUpgradeCheck = 0940;
				ORGANIZATIONNAME = "Ross Lubinski";
				TargetAttributes = {
					BF133A1420FE8DD600AC28C6 = {
						CreatedOnToolsVersion = 9.4.1;
					};
				};
			};
			buildConfigurationList = BF133A1020FE8DD600AC28C6 /* Build configuration list for PBXProject "Crypto Tracker" */;
			compatibilityVersion = "Xcode 9.3";
			developmentRegion = en;
			hasScannedForEncodings = 0;
			knownRegions = (
				en,
				Base,
			);
			mainGroup = BF133A0C20FE8DD600AC28C6;
			productRefGroup = BF133A1620FE8DD600AC28C6 /* Products */;
			projectDirPath = "";
			projectRoot = "";
			targets = (
				BF133A1420FE8DD600AC28C6 /* Crypto Tracker */,
			);
		};
/* End PBXProject section */

/* Begin PBXResourcesBuildPhase section */
		BF133A1320FE8DD600AC28C6 /* Resources */ = {
			isa = PBXResourcesBuildPhase;
			buildActionMask = 2147483647;
			files = (
				BF133A2320FE8DD700AC28C6 /* LaunchScreen.storyboard in Resources */,
				BF133A2020FE8DD700AC28C6 /* Assets.xcassets in Resources */,
			);
			runOnlyForDeploymentPostprocessing = 0;
		};
/* End PBXResourcesBuildPhase section */

/* Begin PBXShellScriptBuildPhase section */
		86E172D868382E471D781A87 /* [CP] Embed Pods Frameworks */ = {
			isa = PBXShellScriptBuildPhase;
			buildActionMask = 2147483647;
			files = (
			);
			inputPaths = (
				"${SRCROOT}/Pods/Target Support Files/Pods-Crypto Tracker/Pods-Crypto Tracker-frameworks.sh",
				"${BUILT_PRODUCTS_DIR}/Alamofire/Alamofire.framework",
				"${BUILT_PRODUCTS_DIR}/SwiftChart/SwiftChart.framework",
			);
			name = "[CP] Embed Pods Frameworks";
			outputPaths = (
				"${TARGET_BUILD_DIR}/${FRAMEWORKS_FOLDER_PATH}/Alamofire.framework",
				"${TARGET_BUILD_DIR}/${FRAMEWORKS_FOLDER_PATH}/SwiftChart.framework",
			);
			runOnlyForDeploymentPostprocessing = 0;
			shellPath = /bin/sh;
			shellScript = "\"${SRCROOT}/Pods/Target Support Files/Pods-Crypto Tracker/Pods-Crypto Tracker-frameworks.sh\"\n";
			showEnvVarsInLog = 0;
		};
		EEBBAA436525D6CC35ABAE64 /* [CP] Check Pods Manifest.lock */ = {
			isa = PBXShellScriptBuildPhase;
			buildActionMask = 2147483647;
			files = (
			);
			inputPaths = (
				"${PODS_PODFILE_DIR_PATH}/Podfile.lock",
				"${PODS_ROOT}/Manifest.lock",
			);
			name = "[CP] Check Pods Manifest.lock";
			outputPaths = (
				"$(DERIVED_FILE_DIR)/Pods-Crypto Tracker-checkManifestLockResult.txt",
			);
			runOnlyForDeploymentPostprocessing = 0;
			shellPath = /bin/sh;
			shellScript = "diff \"${PODS_PODFILE_DIR_PATH}/Podfile.lock\" \"${PODS_ROOT}/Manifest.lock\" > /dev/null\nif [ $? != 0 ] ; then\n    # print error to STDERR\n    echo \"error: The sandbox is not in sync with the Podfile.lock. Run 'pod install' or update your CocoaPods installation.\" >&2\n    exit 1\nfi\n# This output is used by Xcode 'outputs' to avoid re-running this script phase.\necho \"SUCCESS\" > \"${SCRIPT_OUTPUT_FILE_0}\"\n";
			showEnvVarsInLog = 0;
		};
/* End PBXShellScriptBuildPhase section */

/* Begin PBXSourcesBuildPhase section */
		BF133A1120FE8DD600AC28C6 /* Sources */ = {
			isa = PBXSourcesBuildPhase;
			buildActionMask = 2147483647;
			files = (
				BF133A2D20FE906700AC28C6 /* CoinData.swift in Sources */,
				BF133A2B20FE8EA300AC28C6 /* CryptoTableViewController.swift in Sources */,
				BF2CF33D21067CAE005FE648 /* AuthViewController.swift in Sources */,
				BF133A1920FE8DD600AC28C6 /* AppDelegate.swift in Sources */,
				BFE2DEDE2102362F00F145EA /* CoinViewController.swift in Sources */,
			);
			runOnlyForDeploymentPostprocessing = 0;
		};
/* End PBXSourcesBuildPhase section */

/* Begin PBXVariantGroup section */
		BF133A2120FE8DD700AC28C6 /* LaunchScreen.storyboard */ = {
			isa = PBXVariantGroup;
			children = (
				BF133A2220FE8DD700AC28C6 /* Base */,
			);
			name = LaunchScreen.storyboard;
			sourceTree = "<group>";
		};
/* End PBXVariantGroup section */

/* Begin XCBuildConfiguration section */
		BF133A2520FE8DD700AC28C6 /* Debug */ = {
			isa = XCBuildConfiguration;
			buildSettings = {
				ALWAYS_SEARCH_USER_PATHS = NO;
				CLANG_ANALYZER_NONNULL = YES;
				CLANG_ANALYZER_NUMBER_OBJECT_CONVERSION = YES_AGGRESSIVE;
				CLANG_CXX_LANGUAGE_STANDARD = "gnu++14";
				CLANG_CXX_LIBRARY = "libc++";
				CLANG_ENABLE_MODULES = YES;
				CLANG_ENABLE_OBJC_ARC = YES;
				CLANG_ENABLE_OBJC_WEAK = YES;
				CLANG_WARN_BLOCK_CAPTURE_AUTORELEASING = YES;
				CLANG_WARN_BOOL_CONVERSION = YES;
				CLANG_WARN_COMMA = YES;
				CLANG_WARN_CONSTANT_CONVERSION = YES;
				CLANG_WARN_DEPRECATED_OBJC_IMPLEMENTATIONS = YES;
				CLANG_WARN_DIRECT_OBJC_ISA_USAGE = YES_ERROR;
				CLANG_WARN_DOCUMENTATION_COMMENTS = YES;
				CLANG_WARN_EMPTY_BODY = YES;
				CLANG_WARN_ENUM_CONVERSION = YES;
				CLANG_WARN_INFINITE_RECURSION = YES;
				CLANG_WARN_INT_CONVERSION = YES;
				CLANG_WARN_NON_LITERAL_NULL_CONVERSION = YES;
				CLANG_WARN_OBJC_IMPLICIT_RETAIN_SELF = YES;
				CLANG_WARN_OBJC_LITERAL_CONVERSION = YES;
				CLANG_WARN_OBJC_ROOT_CLASS = YES_ERROR;
				CLANG_WARN_RANGE_LOOP_ANALYSIS = YES;
				CLANG_WARN_STRICT_PROTOTYPES = YES;
				CLANG_WARN_SUSPICIOUS_MOVE = YES;
				CLANG_WARN_UNGUARDED_AVAILABILITY = YES_AGGRESSIVE;
				CLANG_WARN_UNREACHABLE_CODE = YES;
				CLANG_WARN__DUPLICATE_METHOD_MATCH = YES;
				CODE_SIGN_IDENTITY = "iPhone Developer";
				COPY_PHASE_STRIP = NO;
				DEBUG_INFORMATION_FORMAT = dwarf;
				ENABLE_STRICT_OBJC_MSGSEND = YES;
				ENABLE_TESTABILITY = YES;
				GCC_C_LANGUAGE_STANDARD = gnu11;
				GCC_DYNAMIC_NO_PIC = NO;
				GCC_NO_COMMON_BLOCKS = YES;
				GCC_OPTIMIZATION_LEVEL = 0;
				GCC_PREPROCESSOR_DEFINITIONS = (
					"DEBUG=1",
					"$(inherited)",
				);
				GCC_WARN_64_TO_32_BIT_CONVERSION = YES;
				GCC_WARN_ABOUT_RETURN_TYPE = YES_ERROR;
				GCC_WARN_UNDECLARED_SELECTOR = YES;
				GCC_WARN_UNINITIALIZED_AUTOS = YES_AGGRESSIVE;
				GCC_WARN_UNUSED_FUNCTION = YES;
				GCC_WARN_UNUSED_VARIABLE = YES;
				IPHONEOS_DEPLOYMENT_TARGET = 11.4;
				MTL_ENABLE_DEBUG_INFO = YES;
				ONLY_ACTIVE_ARCH = YES;
				SDKROOT = iphoneos;
				SWIFT_ACTIVE_COMPILATION_CONDITIONS = DEBUG;
				SWIFT_OPTIMIZATION_LEVEL = "-Onone";
			};
			name = Debug;
		};
		BF133A2620FE8DD700AC28C6 /* Release */ = {
			isa = XCBuildConfiguration;
			buildSettings = {
				ALWAYS_SEARCH_USER_PATHS = NO;
				CLANG_ANALYZER_NONNULL = YES;
				CLANG_ANALYZER_NUMBER_OBJECT_CONVERSION = YES_AGGRESSIVE;
				CLANG_CXX_LANGUAGE_STANDARD = "gnu++14";
				CLANG_CXX_LIBRARY = "libc++";
				CLANG_ENABLE_MODULES = YES;
				CLANG_ENABLE_OBJC_ARC = YES;
				CLANG_ENABLE_OBJC_WEAK = YES;
				CLANG_WARN_BLOCK_CAPTURE_AUTORELEASING = YES;
				CLANG_WARN_BOOL_CONVERSION = YES;
				CLANG_WARN_COMMA = YES;
				CLANG_WARN_CONSTANT_CONVERSION = YES;
				CLANG_WARN_DEPRECATED_OBJC_IMPLEMENTATIONS = YES;
				CLANG_WARN_DIRECT_OBJC_ISA_USAGE = YES_ERROR;
				CLANG_WARN_DOCUMENTATION_COMMENTS = YES;
				CLANG_WARN_EMPTY_BODY = YES;
				CLANG_WARN_ENUM_CONVERSION = YES;
				CLANG_WARN_INFINITE_RECURSION = YES;
				CLANG_WARN_INT_CONVERSION = YES;
				CLANG_WARN_NON_LITERAL_NULL_CONVERSION = YES;
				CLANG_WARN_OBJC_IMPLICIT_RETAIN_SELF = YES;
				CLANG_WARN_OBJC_LITERAL_CONVERSION = YES;
				CLANG_WARN_OBJC_ROOT_CLASS = YES_ERROR;
				CLANG_WARN_RANGE_LOOP_ANALYSIS = YES;
				CLANG_WARN_STRICT_PROTOTYPES = YES;
				CLANG_WARN_SUSPICIOUS_MOVE = YES;
				CLANG_WARN_UNGUARDED_AVAILABILITY = YES_AGGRESSIVE;
				CLANG_WARN_UNREACHABLE_CODE = YES;
				CLANG_WARN__DUPLICATE_METHOD_MATCH = YES;
				CODE_SIGN_IDENTITY = "iPhone Developer";
				COPY_PHASE_STRIP = NO;
				DEBUG_INFORMATION_FORMAT = "dwarf-with-dsym";
				ENABLE_NS_ASSERTIONS = NO;
				ENABLE_STRICT_OBJC_MSGSEND = YES;
				GCC_C_LANGUAGE_STANDARD = gnu11;
				GCC_NO_COMMON_BLOCKS = YES;
				GCC_WARN_64_TO_32_BIT_CONVERSION = YES;
				GCC_WARN_ABOUT_RETURN_TYPE = YES_ERROR;
				GCC_WARN_UNDECLARED_SELECTOR = YES;
				GCC_WARN_UNINITIALIZED_AUTOS = YES_AGGRESSIVE;
				GCC_WARN_UNUSED_FUNCTION = YES;
				GCC_WARN_UNUSED_VARIABLE = YES;
				IPHONEOS_DEPLOYMENT_TARGET = 11.4;
				MTL_ENABLE_DEBUG_INFO = NO;
				SDKROOT = iphoneos;
				SWIFT_COMPILATION_MODE = wholemodule;
				SWIFT_OPTIMIZATION_LEVEL = "-O";
				VALIDATE_PRODUCT = YES;
			};
			name = Release;
		};
		BF133A2820FE8DD700AC28C6 /* Debug */ = {
			isa = XCBuildConfiguration;
			baseConfigurationReference = A5C4B434F097F85B2044680B /* Pods-Crypto Tracker.debug.xcconfig */;
			buildSettings = {
				ASSETCATALOG_COMPILER_APPICON_NAME = AppIcon;
				CODE_SIGN_STYLE = Automatic;
				DEVELOPMENT_TEAM = F766M867PQ;
				INFOPLIST_FILE = "Crypto Tracker/Info.plist";
				LD_RUNPATH_SEARCH_PATHS = (
					"$(inherited)",
					"@executable_path/Frameworks",
				);
				PRODUCT_BUNDLE_IDENTIFIER = "com.rosslubinski.Crypto-Tracker";
				PRODUCT_NAME = "$(TARGET_NAME)";
				SWIFT_VERSION = 4.0;
				TARGETED_DEVICE_FAMILY = "1,2";
			};
			name = Debug;
		};
		BF133A2920FE8DD700AC28C6 /* Release */ = {
			isa = XCBuildConfiguration;
			baseConfigurationReference = 66E67E48A8B1AA6E9B6266CA /* Pods-Crypto Tracker.release.xcconfig */;
			buildSettings = {
				ASSETCATALOG_COMPILER_APPICON_NAME = AppIcon;
				CODE_SIGN_STYLE = Automatic;
				DEVELOPMENT_TEAM = F766M867PQ;
				INFOPLIST_FILE = "Crypto Tracker/Info.plist";
				LD_RUNPATH_SEARCH_PATHS = (
					"$(inherited)",
					"@executable_path/Frameworks",
				);
				PRODUCT_BUNDLE_IDENTIFIER = "com.rosslubinski.Crypto-Tracker";
				PRODUCT_NAME = "$(TARGET_NAME)";
				SWIFT_VERSION = 4.0;
				TARGETED_DEVICE_FAMILY = "1,2";
			};
			name = Release;
		};
/* End XCBuildConfiguration section */

/* Begin XCConfigurationList section */
		BF133A1020FE8DD600AC28C6 /* Build configuration list for PBXProject "Crypto Tracker" */ = {
			isa = XCConfigurationList;
			buildConfigurations = (
				BF133A2520FE8DD700AC28C6 /* Debug */,
				BF133A2620FE8DD700AC28C6 /* Release */,
			);
			defaultConfigurationIsVisible = 0;
			defaultConfigurationName = Release;
		};
		BF133A2720FE8DD700AC28C6 /* Build configuration list for PBXNativeTarget "Crypto Tracker" */ = {
			isa = XCConfigurationList;
			buildConfigurations = (
				BF133A2820FE8DD700AC28C6 /* Debug */,
				BF133A2920FE8DD700AC28C6 /* Release */,
			);
			defaultConfigurationIsVisible = 0;
			defaultConfigurationName = Release;
		};
/* End XCConfigurationList section */
	};
	rootObject = BF133A0D20FE8DD600AC28C6 /* Project object */;
}
